
Microsoft Visual Studio Solution File, Format Version 12.00
# Visual Studio Version 17
VisualStudioVersion = 17.14.37216.2 d17.14
MinimumVisualStudioVersion = 10.0.40219.1
Project("{FAE04EC0-301F-11D3-BF4B-00C04F79EFBC}") = "EolInspector", "EolInspector.csproj", "{57F7AAAB-C3D7-4018-C0B0-1698411AEEAC}"
EndProject
Global
	GlobalSection(SolutionConfigurationPlatforms) = preSolution
		Debug|Any CPU = Debug|Any CPU
		Release|Any CPU = Release|Any CPU
	EndGlobalSection
	GlobalSection(ProjectConfigurationPlatforms) = postSolution
		{57F7AAAB-C3D7-4018-C0B0-1698411AEEAC}.Debug|Any CPU.ActiveCfg = Debug|Any CPU
		{57F7AAAB-C3D7-4018-C0B0-1698411AEEAC}.Debug|Any CPU.Build.0 = Debug|Any CPU
		{57F7AAAB-C3D7-4018-C0B0-1698411AEEAC}.Release|Any CPU.ActiveCfg = Release|Any CPU
		{57F7AAAB-C3D7-4018-C0B0-1698411AEEAC}.Release|Any CPU.Build.0 = Release|Any CPU
	EndGlobalSection
	GlobalSection(SolutionProperties) = preSolution
		HideSolutionNode = FALSE
	EndGlobalSection
	GlobalSection(ExtensibilityGlobals) = postSolution
		SolutionGuid = {111591CC-2F78-4ABD-8191-3843F0572D9C}
	EndGlobalSection
EndGlobal
